<?xml version="1.0" encoding="utf-8"?>
<Project ToolsVersion="4.0" xmlns="http://schemas.microsoft.com/developer/msbuild/2003">
  <ItemGroup>
    <Filter Include="src">
      <UniqueIdentifier>{1788838d-0a3b-4d3f-be3e-10e08730dc0b}</UniqueIdentifier>
    </Filter>
    <Filter Include="assets">
      <UniqueIdentifier>{63cd1e0e-eac4-48ab-bfd9-0ba5bd74f0a2}</UniqueIdentifier>
    </Filter>
    <Filter Include="src\core">
      <UniqueIdentifier>{6258c946-c882-41b3-b664-23c2eb796e30}</UniqueIdentifier>
    </Filter>
    <Filter Include="src\scenes">
      <UniqueIdentifier>{da667d67-667d-41ac-b87c-f26932b2f551}</UniqueIdentifier>
    </Filter>
    <Filter Include="src\entities">
      <UniqueIdentifier>{4a927965-6fbf-44d0-af1a-01882bf5c752}</UniqueIdentifier>
    </Filter>
    <Filter Include="src\world">
      <UniqueIdentifier>{b5c7b0e1-f9de-485c-a988-d9eb332bd143}</UniqueIdentifier>
    </Filter>
    <Filter Include="src\systems">
      <UniqueIdentifier>{8e389513-5f7a-4647-9bee-3a55793cb8a1}</UniqueIdentifier>
    </Filter>
    <Filter Include="src\rendering">
      <UniqueIdentifier>{de7ef467-2e74-40ba-9493-a3c2d615b8eb}</UniqueIdentifier>
    </Filter>
    <Filter Include="src\ui">
      <UniqueIdentifier>{c09ee897-8504-4397-a7fb-997e5a6d4b89}</UniqueIdentifier>
    </Filter>
  </ItemGroup>
  <ItemGroup>
    <ClCompile Include="main.cpp">
      <Filter>src</Filter>
    </ClCompile>
    <ClCompile Include="Game.cpp">
      <Filter>src\core</Filter>
    </ClCompile>
    <ClCompile Include="LevelRenderer.cpp">
      <Filter>src\world</Filter>
    </ClCompile>
    <ClCompile Include="LevelGenerator.cpp">
      <Filter>src\world</Filter>
    </ClCompile>
    <ClCompile Include="InputHandler.h.cpp">
      <Filter>src\core</Filter>
    </ClCompile>
    <ClCompile Include="Orc.cpp">
      <Filter>src\entities</Filter>
    </ClCompile>
  </ItemGroup>
  <ItemGroup>
    <ClInclude Include="Game.h">
      <Filter>src\core</Filter>
    </ClInclude>
    <ClInclude Include="Entity.h">
      <Filter>src\entities</Filter>
    </ClInclude>
    <ClInclude Include="Player.h">
      <Filter>src\entities</Filter>
    </ClInclude>
    <ClInclude Include="Weapon.h" />
    <ClInclude Include="Enemy.h">
      <Filter>src\entities</Filter>
    </ClInclude>
    <ClInclude Include="Combat.h">
      <Filter>src\systems</Filter>
    </ClInclude>
    <ClInclude Include="MoveCommand.h">
      <Filter>src\core</Filter>
    </ClInclude>
    <ClInclude Include="InteractCommand.h">
      <Filter>src\core</Filter>
    </ClInclude>
    <ClInclude Include="DungeonDoor.h">
      <Filter>src\entities</Filter>
    </ClInclude>
    <ClInclude Include="Level.h">
      <Filter>src\world</Filter>
    </ClInclude>
    <ClInclude Include="LevelGenerator.h">
      <Filter>src\world</Filter>
    </ClInclude>
    <ClInclude Include="LevelRenderer.h">
      <Filter>src\world</Filter>
    </ClInclude>
    <ClInclude Include="Command.h">
      <Filter>src\core</Filter>
    </ClInclude>
    <ClInclude Include="InputHandler.h">
      <Filter>src\core</Filter>
    </ClInclude>
    <ClInclude Include="Spawner.h">
      <Filter>src\systems</Filter>
    </ClInclude>
    <ClInclude Include="CombatCommand.h">
      <Filter>src\core</Filter>
    </ClInclude>
    <ClInclude Include="Orc.h">
      <Filter>src\entities</Filter>
    </ClInclude>
    <ClInclude Include="Constants.h">
      <Filter>src\core</Filter>
    </ClInclude>
  </ItemGroup>
  <ItemGroup>
    <Image Include="..\..\..\..\Downloads\kenney_micro-roguelike\Tilemap\colored_tilemap_packed.png">
      <Filter>assets</Filter>
    </Image>
  </ItemGroup>
</Project>