<?xml version="1.0" encoding="utf-8"?>
<Project ToolsVersion="4.0" xmlns="http://schemas.microsoft.com/developer/msbuild/2003">
  <ItemGroup>
    <ClCompile Include="interaction\AI\EnemyAI.cpp" />
    <ClCompile Include="interaction\AI\EnemyStateMachine.cpp" />
    <ClCompile Include="game\Game.cpp" />
    <ClCompile Include="input\InputHandler.cpp" />
    <ClCompile Include="interaction\InteractionSystem.cpp" />
    <ClCompile Include="interaction\TargetSystem.cpp" />
    <ClCompile Include="level\LevelGenerator.cpp" />
    <ClCompile Include="level\LevelManager.cpp" />
    <ClCompile Include="rendering\LevelRenderer.cpp" />
    <ClCompile Include="main.cpp" />
  </ItemGroup>
  <ItemGroup>
    <ClInclude Include="combat\Combat.h" />
    <ClInclude Include="commands\CombatCommand.h" />
    <ClInclude Include="commands\Command.h" />
    <ClInclude Include="commands\MoveCommand.h" />
    <ClInclude Include="Constants.h" />
    <ClInclude Include="interaction\AI\EnemyAI.h" />
    <ClInclude Include="interaction\AI\EnemyStateMachine.h" />
    <ClInclude Include="entities\DungeonDoor.h" />
    <ClInclude Include="entities\Enemy.h" />
    <ClInclude Include="entities\Entity.h" />
    <ClInclude Include="entities\Orc.h" />
    <ClInclude Include="entities\Player.h" />
    <ClInclude Include="game\Game.h" />
    <ClInclude Include="input\InputHandler.h" />
    <ClInclude Include="commands\InteractCommand.h" />
    <ClInclude Include="interaction\InteractionSystem.h" />
    <ClInclude Include="interaction\TargetSystem.h" />
    <ClInclude Include="level\Level.h" />
    <ClInclude Include="level\LevelGenerator.h" />
    <ClInclude Include="level\LevelManager.h" />
    <ClInclude Include="rendering\LevelRenderer.h" />
    <ClInclude Include="spawning\Spawner.h" />
    <ClInclude Include="commands\SwitchTargetCommand.h" />
    <ClInclude Include="Weapon.h" />
    <ClInclude Include="WorldExit.h" />
  </ItemGroup>
  <ItemGroup>
    <Image Include="..\..\..\..\Downloads\kenney_micro-roguelike\Tilemap\colored_tilemap_packed.png" />
    <Image Include="assets\colored_tilemap_packed.png" />
    <Image Include="assets\tilePack.png" />
    <Image Include="assets\Overworld.png" />
    <Image Include="assets\Sprite1.png" />
    <Image Include="assets\colored_tilemap_packed - Copy.png" />
    <Image Include="assets\colored_tilemap_packed - Copy-export.png" />
    <Image Include="assets\orcbow.png" />
    <Image Include="assets\orcshield.png" />
    <Image Include="assets\orcsword.png" />
  </ItemGroup>
  <ItemGroup>
    <Media Include="assets\hitHurt.wav" />
  </ItemGroup>
  <ItemGroup>
    <None Include="assets\Overworld.tmx" />
    <None Include="assets\Sprite1.aseprite" />
  </ItemGroup>
</Project>